{
  "socketPath": "/tmp/mcp-isYHmM/mcp.sock",
  "scheme": "unix",
  "headers": {
    "Authorization": "Nonce 354901ff-90ce-43d3-8be9-0014e848d5c7"
  },
  "pid": 74955,
  "ideName": "Visual Studio Code",
  "timestamp": 1774524747598,
  "workspaceFolders": [
    "/teamspace/studios/this_studio"
  ],
  "isTrusted": true
}